github.com/Sleeyax/urlValues v1.0.0 h1:dtjjBUoygDTofrYiGupYG61+Dw87tpQJ9jkc+3o4fjU=
github.com/Sleeyax/urlValues v1.0.0/go.mod h1:IiljpGAUgWNsPFduJzF/fBnlfRwNvRPGG7evNThNaSw=
github.com/imdario/mergo v0.3.12 h1:b6R2BslTbIEToALKP7LxUvijTsNI9TAe80pLWN2g/HU=
github.com/imdario/mergo v0.3.12/go.mod h1:jmQim1M+e3UYxmgPu/WyfjB3N3VflVyUjjjwH0dnCYA=
github.com/refraction-networking/utls v0.0.0-20200806014556-219d12d0a4a1/go.mod h1:tz9gX959MEFfFN5whTIocCLUG57WiILqtdVxI8c6Wj0=
github.com/refraction-networking/utls v0.0.0-20210713165636-0b2885c8c0d4 h1:n9NMHJusHylTmtaJ0Qe0VV9dkTZLiwAxHmrI/l98GeE=
github.com/refraction-networking/utls v0.0.0-20210713165636-0b2885c8c0d4/go.mod h1:tz9gX959MEFfFN5whTIocCLUG57WiILqtdVxI8c6Wj0=
github.com/sleeyax/gotcha v0.0.2 h1:eiCFjEa4nwl/eZ7etBswDKPQ0bUp8YPbuicCHJtD68I=
github.com/sleeyax/gotcha v0.0.2/go.mod h1:H2TKsKYJIXgmFGGUqs21FCr1HXVXjNWccX5/WexkLOM=
github.com/x04/cclient v0.0.0-20210412053913-a370c55a8adf h1:QlWtIXKbx+MDVcyVZv7UJfrKLQaUU+LS0MNzV0W06Q8=
github.com/x04/cclient v0.0.0-20210412053913-a370c55a8adf/go.mod h1:pUYN9fp/WNW35k4W4BvF7IgvgF9ykvAC5AIGoJTRSZk=
golang.org/x/crypto v0.0.0-20190308221718-c2843e01d9a2/go.mod h1:djNgcEr1/C05ACkg1iLfiJU5Ep61QUkGW8qpdssI0+w=
golang.org/x/crypto v0.0.0-20200728195943-123391ffb6de h1:ikNHVSjEfnvz6sxdSPCaPt572qowuyMDMJLLm3Db3ig=
golang.org/x/crypto v0.0.0-20200728195943-123391ffb6de/go.mod h1:LzIPMQfyMNhhGPhUkYOs5KpL4U8rLKemX1yGLhDgUto=
golang.org/x/net v0.0.0-20190404232315-eb5bcb51f2a3/go.mod h1:t9HGtf8HONx5eT2rtn7q6eTqICYqUVnKs3thJo3Qplg=
golang.org/x/net v0.0.0-20200602114024-627f9648deb9 h1:pNX+40auqi2JqRfOP1akLGtYcn15TUbkhwuCO3foqqM=
golang.org/x/net v0.0.0-20200602114024-627f9648deb9/go.mod h1:qpuaurCH72eLCgpAm/N6yyVIVM9cpaDIP3A8BGJEC5A=
golang.org/x/sys v0.0.0-20190215142949-d0b11bdaac8a/go.mod h1:STP8DvDyc/dI5b8T5hshtkjS+E42TnysNCUPdjciGhY=
golang.org/x/sys v0.0.0-20190412213103-97732733099d/go.mod h1:h1NjWce9XRLGQEsW7wpKNCjG9DtNlClVuFLEZdDNbEs=
golang.org/x/sys v0.0.0-20200323222414-85ca7c5b95cd/go.mod h1:h1NjWce9XRLGQEsW7wpKNCjG9DtNlClVuFLEZdDNbEs=
golang.org/x/sys v0.0.0-20200602225109-6fdc65e7d980 h1:OjiUf46hAmXblsZdnoSXsEUSKU8r1UEzcL5RVZ4gO9Y=
golang.org/x/sys v0.0.0-20200602225109-6fdc65e7d980/go.mod h1:h1NjWce9XRLGQEsW7wpKNCjG9DtNlClVuFLEZdDNbEs=
golang.org/x/text v0.3.0 h1:g61tztE5qeGQ89tm6NTjjM9VPIm088od1l6aSorWRWg=
golang.org/x/text v0.3.0/go.mod h1:NqM8EUOU14njkJ3fqMW+pc6Ldnwhi/IjpwHt7yyuwOQ=
gopkg.in/check.v1 v0.0.0-20161208181325-20d25e280405/go.mod h1:Co6ibVJAznAaIkqp8huTwlJQCZ016jof/cbN4VW5Yz0=
gopkg.in/yaml.v2 v2.3.0 h1:clyUAQHOM3G0M3f5vQj7LuJrETvjVot3Z5el9nffUtU=
gopkg.in/yaml.v2 v2.3.0/go.mod h1:hI93XBmqTisBFMUTm0b8Fm+jr3Dg1NNxqwp+5A1VGuI=
